
Microsoft Visual Studio Solution File, Format Version 12.00
# Visual Studio Version 17
VisualStudioVersion = 17.5.33502.453
MinimumVisualStudioVersion = 10.0.40219.1
Project("{8BC9CEB8-8B4A-11D0-8D11-00A0C91BC942}") = "WindowlessRichEdit", "WindowlessRichEdit.vcxproj", "{81DF7DCC-740F-4A1E-B634-4F0F194FA25D}"
EndProject
Global
	GlobalSection(SolutionConfigurationPlatforms) = preSolution
		Debug|x64 = Debug|x64
		Release|x64 = Release|x64
	EndGlobalSection
	GlobalSection(ProjectConfigurationPlatforms) = postSolution
		{81DF7DCC-740F-4A1E-B634-4F0F194FA25D}.Debug|x64.ActiveCfg = Debug|x64
		{81DF7DCC-740F-4A1E-B634-4F0F194FA25D}.Debug|x64.Build.0 = Debug|x64
		{81DF7DCC-740F-4A1E-B634-4F0F194FA25D}.Release|x64.ActiveCfg = Release|x64
		{81DF7DCC-740F-4A1E-B634-4F0F194FA25D}.Release|x64.Build.0 = Release|x64
	EndGlobalSection
	GlobalSection(SolutionProperties) = preSolution
		HideSolutionNode = FALSE
	EndGlobalSection
	GlobalSection(ExtensibilityGlobals) = postSolution
		SolutionGuid = {338061FB-F93B-45E1-A52B-A5E390676B53}
	EndGlobalSection
EndGlobal
